// !$*UTF8*$!
{
	archiveVersion = 1;
	classes = {
	};
	objectVersion = 51;
	objects = {

/* Begin PBXBuildFile section */
		58D2446B13A728E3301DCC50 /* Pods_ProtoTest.framework in Frameworks */ = {isa = PBXBuildFile; fileRef = 7B88B31BAEBF9B20238AA9FC /* Pods_ProtoTest.framework */; };
		D802AEEC2244D82100B3D560 /* AppDelegate.swift in Sources */ = {isa = PBXBuildFile; fileRef = D802AEEB2244D82100B3D560 /* AppDelegate.swift */; };
		D802AEEE2244D82100B3D560 /* ViewController.swift in Sources */ = {isa = PBXBuildFile; fileRef = D802AEED2244D82100B3D560 /* ViewController.swift */; };
		D802AEF12244D82100B3D560 /* Main.storyboard in Resources */ = {isa = PBXBuildFile; fileRef = D802AEEF2244D82100B3D560 /* Main.storyboard */; };
		D802AEF32244D82300B3D560 /* Assets.xcassets in Resources */ = {isa = PBXBuildFile; fileRef = D802AEF22244D82300B3D560 /* Assets.xcassets */; };
		D802AEF62244D82300B3D560 /* LaunchScreen.storyboard in Resources */ = {isa = PBXBuildFile; fileRef = D802AEF42244D82300B3D560 /* LaunchScreen.storyboard */; };
		D802AEFE2244DA0D00B3D560 /* User.pb.swift in Sources */ = {isa = PBXBuildFile; fileRef = D802AEFD2244DA0D00B3D560 /* User.pb.swift */; };
/* End PBXBuildFile section */

/* Begin PBXFileReference section */
		0E38F23DBDF7E318AE7FEAA4 /* Pods-ProtoTest.debug.xcconfig */ = {isa = PBXFileReference; includeInIndex = 1; lastKnownFileType = text.xcconfig; name = "Pods-ProtoTest.debug.xcconfig"; path = "Target Support Files/Pods-ProtoTest/Pods-ProtoTest.debug.xcconfig"; sourceTree = "<group>"; };
		466CF604ECBCA8AA3414C2BB /* Pods-ProtoTest.release.xcconfig */ = {isa = PBXFileReference; includeInIndex = 1; lastKnownFileType = text.xcconfig; name = "Pods-ProtoTest.release.xcconfig"; path = "Target Support Files/Pods-ProtoTest/Pods-ProtoTest.release.xcconfig"; sourceTree = "<group>"; };
		7B88B31BAEBF9B20238AA9FC /* Pods_ProtoTest.framework */ = {isa = PBXFileReference; explicitFileType = wrapper.framework; includeInIndex = 0; path = Pods_ProtoTest.framework; sourceTree = BUILT_PRODUCTS_DIR; };
		D802AEE82244D82100B3D560 /* ProtoTest.app */ = {isa = PBXFileReference; explicitFileType = wrapper.application; includeInIndex = 0; path = ProtoTest.app; sourceTree = BUILT_PRODUCTS_DIR; };
		D802AEEB2244D82100B3D560 /* AppDelegate.swift */ = {isa = PBXFileReference; lastKnownFileType = sourcecode.swift; path = AppDelegate.swift; sourceTree = "<group>"; };
		D802AEED2244D82100B3D560 /* ViewController.swift */ = {isa = PBXFileReference; lastKnownFileType = sourcecode.swift; path = ViewController.swift; sourceTree = "<group>"; };
		D802AEF02244D82100B3D560 /* Base */ = {isa = PBXFileReference; lastKnownFileType = file.storyboard; name = Base; path = Base.lproj/Main.storyboard; sourceTree = "<group>"; };
		D802AEF22244D82300B3D560 /* Assets.xcassets */ = {isa = PBXFileReference; lastKnownFileType = folder.assetcatalog; path = Assets.xcassets; sourceTree = "<group>"; };
		D802AEF52244D82300B3D560 /* Base */ = {isa = PBXFileReference; lastKnownFileType = file.storyboard; name = Base; path = Base.lproj/LaunchScreen.storyboard; sourceTree = "<group>"; };
		D802AEF72244D82300B3D560 /* Info.plist */ = {isa = PBXFileReference; lastKnownFileType = text.plist.xml; path = Info.plist; sourceTree = "<group>"; };
		D802AEFD2244DA0D00B3D560 /* User.pb.swift */ = {isa = PBXFileReference; fileEncoding = 4; lastKnownFileType = sourcecode.swift; path = User.pb.swift; sourceTree = "<group>"; };
/* End PBXFileReference section */

/* Begin PBXFrameworksBuildPhase section */
		D802AEE52244D82100B3D560 /* Frameworks */ = {
			isa = PBXFrameworksBuildPhase;
			buildActionMask = 2147483647;
			files = (
				58D2446B13A728E3301DCC50 /* Pods_ProtoTest.framework in Frameworks */,
			);
			runOnlyForDeploymentPostprocessing = 0;
		};
/* End PBXFrameworksBuildPhase section */

/* Begin PBXGroup section */
		5BBF8BA5D3B7DB86D881FCA0 /* Frameworks */ = {
			isa = PBXGroup;
			children = (
				7B88B31BAEBF9B20238AA9FC /* Pods_ProtoTest.framework */,
			);
			name = Frameworks;
			sourceTree = "<group>";
		};
		6FFB71626CFEF68A00DFA3F9 /* Pods */ = {
			isa = PBXGroup;
			children = (
				0E38F23DBDF7E318AE7FEAA4 /* Pods-ProtoTest.debug.xcconfig */,
				466CF604ECBCA8AA3414C2BB /* Pods-ProtoTest.release.xcconfig */,
			);
			path = Pods;
			sourceTree = "<group>";
		};
		D802AEDF2244D82100B3D560 = {
			isa = PBXGroup;
			children = (
				D802AEEA2244D82100B3D560 /* ProtoTest */,
				D802AEE92244D82100B3D560 /* Products */,
				6FFB71626CFEF68A00DFA3F9 /* Pods */,
				5BBF8BA5D3B7DB86D881FCA0 /* Frameworks */,
			);
			sourceTree = "<group>";
		};
		D802AEE92244D82100B3D560 /* Products */ = {
			isa = PBXGroup;
			children = (
				D802AEE82244D82100B3D560 /* ProtoTest.app */,
			);
			name = Products;
			sourceTree = "<group>";
		};
		D802AEEA2244D82100B3D560 /* ProtoTest */ = {
			isa = PBXGroup;
			children = (
				D802AEFD2244DA0D00B3D560 /* User.pb.swift */,
				D802AEEB2244D82100B3D560 /* AppDelegate.swift */,
				D802AEED2244D82100B3D560 /* ViewController.swift */,
				D802AEEF2244D82100B3D560 /* Main.storyboard */,
				D802AEF22244D82300B3D560 /* Assets.xcassets */,
				D802AEF42244D82300B3D560 /* LaunchScreen.storyboard */,
				D802AEF72244D82300B3D560 /* Info.plist */,
			);
			path = ProtoTest;
			sourceTree = "<group>";
		};
/* End PBXGroup section */

/* Begin PBXNativeTarget section */
		D802AEE72244D82100B3D560 /* ProtoTest */ = {
			isa = PBXNativeTarget;
			buildConfigurationList = D802AEFA2244D82300B3D560 /* Build configuration list for PBXNativeTarget "ProtoTest" */;
			buildPhases = (
				FE44C9C827A463A7310BEF9F /* [CP] Check Pods Manifest.lock */,
				D802AEE42244D82100B3D560 /* Sources */,
				D802AEE52244D82100B3D560 /* Frameworks */,
				D802AEE62244D82100B3D560 /* Resources */,
				E65FB08A05BEEA894D6F3953 /* [CP] Embed Pods Frameworks */,
			);
			buildRules = (
			);
			dependencies = (
			);
			name = ProtoTest;
			productName = ProtoTest;
			productReference = D802AEE82244D82100B3D560 /* ProtoTest.app */;
			productType = "com.apple.product-type.application";
		};
/* End PBXNativeTarget section */

/* Begin PBXProject section */
		D802AEE02244D82100B3D560 /* Project object */ = {
			isa = PBXProject;
			attributes = {
				LastSwiftUpdateCheck = 1000;
				LastUpgradeCheck = 1000;
				ORGANIZATIONNAME = "Mike McDonald";
				TargetAttributes = {
					D802AEE72244D82100B3D560 = {
						CreatedOnToolsVersion = 10.0;
					};
				};
			};
			buildConfigurationList = D802AEE32244D82100B3D560 /* Build configuration list for PBXProject "ProtoTest" */;
			compatibilityVersion = "Xcode 9.3";
			developmentRegion = en;
			hasScannedForEncodings = 0;
			knownRegions = (
				en,
				Base,
			);
			mainGroup = D802AEDF2244D82100B3D560;
			productRefGroup = D802AEE92244D82100B3D560 /* Products */;
			projectDirPath = "";
			projectRoot = "";
			targets = (
				D802AEE72244D82100B3D560 /* ProtoTest */,
			);
		};
/* End PBXProject section */

/* Begin PBXResourcesBuildPhase section */
		D802AEE62244D82100B3D560 /* Resources */ = {
			isa = PBXResourcesBuildPhase;
			buildActionMask = 2147483647;
			files = (
				D802AEF62244D82300B3D560 /* LaunchScreen.storyboard in Resources */,
				D802AEF32244D82300B3D560 /* Assets.xcassets in Resources */,
				D802AEF12244D82100B3D560 /* Main.storyboard in Resources */,
			);
			runOnlyForDeploymentPostprocessing = 0;
		};
/* End PBXResourcesBuildPhase section */

/* Begin PBXShellScriptBuildPhase section */
		E65FB08A05BEEA894D6F3953 /* [CP] Embed Pods Frameworks */ = {
			isa = PBXShellScriptBuildPhase;
			buildActionMask = 2147483647;
			files = (
			);
			inputFileListPaths = (
				"${PODS_ROOT}/Target Support Files/Pods-ProtoTest/Pods-ProtoTest-frameworks-${CONFIGURATION}-input-files.xcfilelist",
			);
			name = "[CP] Embed Pods Frameworks";
			outputFileListPaths = (
				"${PODS_ROOT}/Target Support Files/Pods-ProtoTest/Pods-ProtoTest-frameworks-${CONFIGURATION}-output-files.xcfilelist",
			);
			runOnlyForDeploymentPostprocessing = 0;
			shellPath = /bin/sh;
			shellScript = "\"${PODS_ROOT}/Target Support Files/Pods-ProtoTest/Pods-ProtoTest-frameworks.sh\"\n";
			showEnvVarsInLog = 0;
		};
		FE44C9C827A463A7310BEF9F /* [CP] Check Pods Manifest.lock */ = {
			isa = PBXShellScriptBuildPhase;
			buildActionMask = 2147483647;
			files = (
			);
			inputFileListPaths = (
			);
			inputPaths = (
				"${PODS_PODFILE_DIR_PATH}/Podfile.lock",
				"${PODS_ROOT}/Manifest.lock",
			);
			name = "[CP] Check Pods Manifest.lock";
			outputFileListPaths = (
			);
			outputPaths = (
				"$(DERIVED_FILE_DIR)/Pods-ProtoTest-checkManifestLockResult.txt",
			);
			runOnlyForDeploymentPostprocessing = 0;
			shellPath = /bin/sh;
			shellScript = "diff \"${PODS_PODFILE_DIR_PATH}/Podfile.lock\" \"${PODS_ROOT}/Manifest.lock\" > /dev/null\nif [ $? != 0 ] ; then\n    # print error to STDERR\n    echo \"error: The sandbox is not in sync with the Podfile.lock. Run 'pod install' or update your CocoaPods installation.\" >&2\n    exit 1\nfi\n# This output is used by Xcode 'outputs' to avoid re-running this script phase.\necho \"SUCCESS\" > \"${SCRIPT_OUTPUT_FILE_0}\"\n";
			showEnvVarsInLog = 0;
		};
/* End PBXShellScriptBuildPhase section */

/* Begin PBXSourcesBuildPhase section */
		D802AEE42244D82100B3D560 /* Sources */ = {
			isa = PBXSourcesBuildPhase;
			buildActionMask = 2147483647;
			files = (
				D802AEEE2244D82100B3D560 /* ViewController.swift in Sources */,
				D802AEFE2244DA0D00B3D560 /* User.pb.swift in Sources */,
				D802AEEC2244D82100B3D560 /* AppDelegate.swift in Sources */,
			);
			runOnlyForDeploymentPostprocessing = 0;
		};
/* End PBXSourcesBuildPhase section */

/* Begin PBXVariantGroup section */
		D802AEEF2244D82100B3D560 /* Main.storyboard */ = {
			isa = PBXVariantGroup;
			children = (
				D802AEF02244D82100B3D560 /* Base */,
			);
			name = Main.storyboard;
			sourceTree = "<group>";
		};
		D802AEF42244D82300B3D560 /* LaunchScreen.storyboard */ = {
			isa = PBXVariantGroup;
			children = (
				D802AEF52244D82300B3D560 /* Base */,
			);
			name = LaunchScreen.storyboard;
			sourceTree = "<group>";
		};
/* End PBXVariantGroup section */

/* Begin XCBuildConfiguration section */
		D802AEF82244D82300B3D560 /* Debug */ = {
			isa = XCBuildConfiguration;
			buildSettings = {
				ALWAYS_SEARCH_USER_PATHS = NO;
				CLANG_ANALYZER_NONNULL = YES;
				CLANG_ANALYZER_NUMBER_OBJECT_CONVERSION = YES_AGGRESSIVE;
				CLANG_CXX_LANGUAGE_STANDARD = "gnu++14";
				CLANG_CXX_LIBRARY = "libc++";
				CLANG_ENABLE_MODULES = YES;
				CLANG_ENABLE_OBJC_ARC = YES;
				CLANG_ENABLE_OBJC_WEAK = YES;
				CLANG_WARN_BLOCK_CAPTURE_AUTORELEASING = YES;
				CLANG_WARN_BOOL_CONVERSION = YES;
				CLANG_WARN_COMMA = YES;
				CLANG_WARN_CONSTANT_CONVERSION = YES;
				CLANG_WARN_DEPRECATED_OBJC_IMPLEMENTATIONS = YES;
				CLANG_WARN_DIRECT_OBJC_ISA_USAGE = YES_ERROR;
				CLANG_WARN_DOCUMENTATION_COMMENTS = YES;
				CLANG_WARN_EMPTY_BODY = YES;
				CLANG_WARN_ENUM_CONVERSION = YES;
				CLANG_WARN_INFINITE_RECURSION = YES;
				CLANG_WARN_INT_CONVERSION = YES;
				CLANG_WARN_NON_LITERAL_NULL_CONVERSION = YES;
				CLANG_WARN_OBJC_IMPLICIT_RETAIN_SELF = YES;
				CLANG_WARN_OBJC_LITERAL_CONVERSION = YES;
				CLANG_WARN_OBJC_ROOT_CLASS = YES_ERROR;
				CLANG_WARN_RANGE_LOOP_ANALYSIS = YES;
				CLANG_WARN_STRICT_PROTOTYPES = YES;
				CLANG_WARN_SUSPICIOUS_MOVE = YES;
				CLANG_WARN_UNGUARDED_AVAILABILITY = YES_AGGRESSIVE;
				CLANG_WARN_UNREACHABLE_CODE = YES;
				CLANG_WARN__DUPLICATE_METHOD_MATCH = YES;
				CODE_SIGN_IDENTITY = "iPhone Developer";
				COPY_PHASE_STRIP = NO;
				DEBUG_INFORMATION_FORMAT = dwarf;
				ENABLE_STRICT_OBJC_MSGSEND = YES;
				ENABLE_TESTABILITY = YES;
				GCC_C_LANGUAGE_STANDARD = gnu11;
				GCC_DYNAMIC_NO_PIC = NO;
				GCC_NO_COMMON_BLOCKS = YES;
				GCC_OPTIMIZATION_LEVEL = 0;
				GCC_PREPROCESSOR_DEFINITIONS = (
					"DEBUG=1",
					"$(inherited)",
				);
				GCC_WARN_64_TO_32_BIT_CONVERSION = YES;
				GCC_WARN_ABOUT_RETURN_TYPE = YES_ERROR;
				GCC_WARN_UNDECLARED_SELECTOR = YES;
				GCC_WARN_UNINITIALIZED_AUTOS = YES_AGGRESSIVE;
				GCC_WARN_UNUSED_FUNCTION = YES;
				GCC_WARN_UNUSED_VARIABLE = YES;
				IPHONEOS_DEPLOYMENT_TARGET = 12.0;
				MTL_ENABLE_DEBUG_INFO = INCLUDE_SOURCE;
				MTL_FAST_MATH = YES;
				ONLY_ACTIVE_ARCH = YES;
				SDKROOT = iphoneos;
				SWIFT_ACTIVE_COMPILATION_CONDITIONS = DEBUG;
				SWIFT_OPTIMIZATION_LEVEL = "-Onone";
			};
			name = Debug;
		};
		D802AEF92244D82300B3D560 /* Release */ = {
			isa = XCBuildConfiguration;
			buildSettings = {
				ALWAYS_SEARCH_USER_PATHS = NO;
				CLANG_ANALYZER_NONNULL = YES;
				CLANG_ANALYZER_NUMBER_OBJECT_CONVERSION = YES_AGGRESSIVE;
				CLANG_CXX_LANGUAGE_STANDARD = "gnu++14";
				CLANG_CXX_LIBRARY = "libc++";
				CLANG_ENABLE_MODULES = YES;
				CLANG_ENABLE_OBJC_ARC = YES;
				CLANG_ENABLE_OBJC_WEAK = YES;
				CLANG_WARN_BLOCK_CAPTURE_AUTORELEASING = YES;
				CLANG_WARN_BOOL_CONVERSION = YES;
				CLANG_WARN_COMMA = YES;
				CLANG_WARN_CONSTANT_CONVERSION = YES;
				CLANG_WARN_DEPRECATED_OBJC_IMPLEMENTATIONS = YES;
				CLANG_WARN_DIRECT_OBJC_ISA_USAGE = YES_ERROR;
				CLANG_WARN_DOCUMENTATION_COMMENTS = YES;
				CLANG_WARN_EMPTY_BODY = YES;
				CLANG_WARN_ENUM_CONVERSION = YES;
				CLANG_WARN_INFINITE_RECURSION = YES;
				CLANG_WARN_INT_CONVERSION = YES;
				CLANG_WARN_NON_LITERAL_NULL_CONVERSION = YES;
				CLANG_WARN_OBJC_IMPLICIT_RETAIN_SELF = YES;
				CLANG_WARN_OBJC_LITERAL_CONVERSION = YES;
				CLANG_WARN_OBJC_ROOT_CLASS = YES_ERROR;
				CLANG_WARN_RANGE_LOOP_ANALYSIS = YES;
				CLANG_WARN_STRICT_PROTOTYPES = YES;
				CLANG_WARN_SUSPICIOUS_MOVE = YES;
				CLANG_WARN_UNGUARDED_AVAILABILITY = YES_AGGRESSIVE;
				CLANG_WARN_UNREACHABLE_CODE = YES;
				CLANG_WARN__DUPLICATE_METHOD_MATCH = YES;
				CODE_SIGN_IDENTITY = "iPhone Developer";
				COPY_PHASE_STRIP = NO;
				DEBUG_INFORMATION_FORMAT = "dwarf-with-dsym";
				ENABLE_NS_ASSERTIONS = NO;
				ENABLE_STRICT_OBJC_MSGSEND = YES;
				GCC_C_LANGUAGE_STANDARD = gnu11;
				GCC_NO_COMMON_BLOCKS = YES;
				GCC_WARN_64_TO_32_BIT_CONVERSION = YES;
				GCC_WARN_ABOUT_RETURN_TYPE = YES_ERROR;
				GCC_WARN_UNDECLARED_SELECTOR = YES;
				GCC_WARN_UNINITIALIZED_AUTOS = YES_AGGRESSIVE;
				GCC_WARN_UNUSED_FUNCTION = YES;
				GCC_WARN_UNUSED_VARIABLE = YES;
				IPHONEOS_DEPLOYMENT_TARGET = 12.0;
				MTL_ENABLE_DEBUG_INFO = NO;
				MTL_FAST_MATH = YES;
				SDKROOT = iphoneos;
				SWIFT_COMPILATION_MODE = wholemodule;
				SWIFT_OPTIMIZATION_LEVEL = "-O";
				VALIDATE_PRODUCT = YES;
			};
			name = Release;
		};
		D802AEFB2244D82300B3D560 /* Debug */ = {
			isa = XCBuildConfiguration;
			baseConfigurationReference = 0E38F23DBDF7E318AE7FEAA4 /* Pods-ProtoTest.debug.xcconfig */;
			buildSettings = {
				ASSETCATALOG_COMPILER_APPICON_NAME = AppIcon;
				CODE_SIGN_STYLE = Automatic;
				DEVELOPMENT_TEAM = QMEDZ5P47M;
				INFOPLIST_FILE = ProtoTest/Info.plist;
				LD_RUNPATH_SEARCH_PATHS = (
					"$(inherited)",
					"@executable_path/Frameworks",
				);
				PRODUCT_BUNDLE_IDENTIFIER = co.mikemcdonald.ProtoTest;
				PRODUCT_NAME = "$(TARGET_NAME)";
				SWIFT_VERSION = 4.2;
				TARGETED_DEVICE_FAMILY = "1,2";
			};
			name = Debug;
		};
		D802AEFC2244D82300B3D560 /* Release */ = {
			isa = XCBuildConfiguration;
			baseConfigurationReference = 466CF604ECBCA8AA3414C2BB /* Pods-ProtoTest.release.xcconfig */;
			buildSettings = {
				ASSETCATALOG_COMPILER_APPICON_NAME = AppIcon;
				CODE_SIGN_STYLE = Automatic;
				DEVELOPMENT_TEAM = QMEDZ5P47M;
				INFOPLIST_FILE = ProtoTest/Info.plist;
				LD_RUNPATH_SEARCH_PATHS = (
					"$(inherited)",
					"@executable_path/Frameworks",
				);
				PRODUCT_BUNDLE_IDENTIFIER = co.mikemcdonald.ProtoTest;
				PRODUCT_NAME = "$(TARGET_NAME)";
				SWIFT_VERSION = 4.2;
				TARGETED_DEVICE_FAMILY = "1,2";
			};
			name = Release;
		};
/* End XCBuildConfiguration section */

/* Begin XCConfigurationList section */
		D802AEE32244D82100B3D560 /* Build configuration list for PBXProject "ProtoTest" */ = {
			isa = XCConfigurationList;
			buildConfigurations = (
				D802AEF82244D82300B3D560 /* Debug */,
				D802AEF92244D82300B3D560 /* Release */,
			);
			defaultConfigurationIsVisible = 0;
			defaultConfigurationName = Release;
		};
		D802AEFA2244D82300B3D560 /* Build configuration list for PBXNativeTarget "ProtoTest" */ = {
			isa = XCConfigurationList;
			buildConfigurations = (
				D802AEFB2244D82300B3D560 /* Debug */,
				D802AEFC2244D82300B3D560 /* Release */,
			);
			defaultConfigurationIsVisible = 0;
			defaultConfigurationName = Release;
		};
/* End XCConfigurationList section */
	};
	rootObject = D802AEE02244D82100B3D560 /* Project object */;
}
